{
  "originHash" : "23a4f1c8b7c9d19f3b5b8bbf16cadc137879244a59589a4e65dda0dde897bc75",
  "pins" : [
    {
      "identity" : "charcoal-ios",
      "kind" : "remoteSourceControl",
      "location" : "https://github.com/pixiv/charcoal-ios.git",
      "state" : {
        "revision" : "4e20d6f8ecf6ba5ea0edc236f170185e8ab94302",
        "version" : "2.2.2"
      }
    },
    {
      "identity" : "factory",
      "kind" : "remoteSourceControl",
      "location" : "https://github.com/hmlongco/Factory",
      "state" : {
        "revision" : "ccc898f21992ebc130bc04cc197460a5ae230bcf",
        "version" : "2.5.3"
      }
    },
    {
      "identity" : "materialuikit",
      "kind" : "remoteSourceControl",
      "location" : "https://github.com/lipzh-yzr/MaterialUIKit.git",
      "state" : {
        "revision" : "04d5ea775ba2b69dce2cdf57d68546ecca5dd873",
        "version" : "2.0.2"
      }
    },
    {
      "identity" : "mobile-ios-design-swiftui",
      "kind" : "remoteSourceControl",
      "location" : "https://github.com/SchweizerischeBundesbahnen/mobile-ios-design-swiftui.git",
      "state" : {
        "revision" : "aaf2b8f41d7892ee21855723f13b88c14ca11e2b",
        "version" : "1.3.0"
      }
    },
    {
      "identity" : "structura-design-system-swiftui",
      "kind" : "remoteSourceControl",
      "location" : "https://github.com/lipzh-yzr/Structura-design-system-swiftui.git",
      "state" : {
        "revision" : "178f7f87b5433aed7faef760fe1ba93fefeec010",
        "version" : "0.1.1"
      }
    }
  ],
  "version" : 3
}
