{
  "originHash" : "c4894371c13c812cb112bec15bcfab81c6808e0ccb4bf86bc45048b5c0a59996",
  "pins" : [
    {
      "identity" : "charcoal-ios",
      "kind" : "remoteSourceControl",
      "location" : "https://github.com/pixiv/charcoal-ios.git",
      "state" : {
        "revision" : "4e20d6f8ecf6ba5ea0edc236f170185e8ab94302",
        "version" : "2.2.2"
      }
    },
    {
      "identity" : "factory",
      "kind" : "remoteSourceControl",
      "location" : "https://github.com/hmlongco/Factory",
      "state" : {
        "revision" : "ccc898f21992ebc130bc04cc197460a5ae230bcf",
        "version" : "2.5.3"
      }
    },
    {
      "identity" : "materialuikit",
      "kind" : "remoteSourceControl",
      "location" : "https://github.com/lipzh-yzr/MaterialUIKit.git",
      "state" : {
        "revision" : "04d5ea775ba2b69dce2cdf57d68546ecca5dd873",
        "version" : "2.0.2"
      }
    },
    {
      "identity" : "mobile-ios-design-swiftui",
      "kind" : "remoteSourceControl",
      "location" : "https://github.com/SchweizerischeBundesbahnen/mobile-ios-design-swiftui.git",
      "state" : {
        "revision" : "aaf2b8f41d7892ee21855723f13b88c14ca11e2b",
        "version" : "1.3.0"
      }
    },
    {
      "identity" : "structura-design-system-swiftui",
      "kind" : "remoteSourceControl",
      "location" : "https://github.com/lipzh-yzr/Structura-design-system-swiftui.git",
      "state" : {
        "revision" : "df50e5b5373600cf3bcb03997e39fd0356b13d03",
        "version" : "0.1.0"
      }
    }
  ],
  "version" : 3
}
